{
  "nodes": {
    "nixpkgs": {
      "locked": {
        "lastModified": 1645267060,
        "narHash": "sha256-TQ1N3f84yXvNpvhuAyJYWm9waDM7+9raG9gFKpbFEAA=",
        "owner": "NixOS",
        "repo": "nixpkgs",
        "rev": "7c6759c27e7adae4387743c1bdec99d84b9a4d54",
        "type": "github"
      },
      "original": {
        "id": "nixpkgs",
        "type": "indirect"
      }
    },
    "nspr-dev-src": {
      "flake": false,
      "locked": {
        "narHash": "sha256-pl+JYhaIMxFG7Lpe2yaLhihczNwZG0fU8W/Ita6ZQDg=",
        "type": "tarball",
        "url": "https://hg.mozilla.org/projects/nspr/archive/NSPR_4_32_RTM.zip"
      },
      "original": {
        "type": "tarball",
        "url": "https://hg.mozilla.org/projects/nspr/archive/NSPR_4_32_RTM.zip"
      }
    },
    "root": {
      "inputs": {
        "nixpkgs": "nixpkgs",
        "nspr-dev-src": "nspr-dev-src"
      }
    }
  },
  "root": "root",
  "version": 7
}
