{
  "nodes": {
    "nixpkgs": {
      "locked": {
        "lastModified": 1643464727,
        "narHash": "sha256-Ju/hf2cpUtbPKrXPEk3O5FqlcWwOWq5LAyWoeV879J4=",
        "owner": "NixOS",
        "repo": "nixpkgs",
        "rev": "300cccf211aff894130d32669097e6fb0c018374",
        "type": "github"
      },
      "original": {
        "id": "nixpkgs",
        "type": "indirect"
      }
    },
    "nspr-dev-src": {
      "flake": false,
      "locked": {
        "narHash": "sha256-pl+JYhaIMxFG7Lpe2yaLhihczNwZG0fU8W/Ita6ZQDg=",
        "type": "tarball",
        "url": "https://hg.mozilla.org/projects/nspr/archive/NSPR_4_32_RTM.zip"
      },
      "original": {
        "type": "tarball",
        "url": "https://hg.mozilla.org/projects/nspr/archive/NSPR_4_32_RTM.zip"
      }
    },
    "root": {
      "inputs": {
        "nixpkgs": "nixpkgs",
        "nspr-dev-src": "nspr-dev-src"
      }
    }
  },
  "root": "root",
  "version": 7
}
